
Microsoft Visual Studio Solution File, Format Version 12.00
# Visual Studio Version 16
VisualStudioVersion = 16.0.31005.135
MinimumVisualStudioVersion = 10.0.40219.1
Project("{9A19103F-16F7-4668-BE54-9A1E7A4F7556}") = "KampIntro", "KampIntro\KampIntro.csproj", "{5242740D-C92B-4FE9-BD5B-2697ED09DF84}"
EndProject
Project("{9A19103F-16F7-4668-BE54-9A1E7A4F7556}") = "OOP1", "OOP1\OOP1.csproj", "{2755E9D8-C7BF-451B-9176-FFB46312465E}"
EndProject
Project("{FAE04EC0-301F-11D3-BF4B-00C04F79EFBC}") = "Koleksiyonlar", "Koleksiyonlar\Koleksiyonlar.csproj", "{6C24FB35-BB4E-4D3C-9069-31604CE3F580}"
EndProject
Project("{FAE04EC0-301F-11D3-BF4B-00C04F79EFBC}") = "GenericsIntro", "GenericsIntro\GenericsIntro.csproj", "{21AB7DAB-F3C8-4211-B300-5CC1FABAEB2F}"
EndProject
Global
	GlobalSection(SolutionConfigurationPlatforms) = preSolution
		Debug|Any CPU = Debug|Any CPU
		Release|Any CPU = Release|Any CPU
	EndGlobalSection
	GlobalSection(ProjectConfigurationPlatforms) = postSolution
		{5242740D-C92B-4FE9-BD5B-2697ED09DF84}.Debug|Any CPU.ActiveCfg = Debug|Any CPU
		{5242740D-C92B-4FE9-BD5B-2697ED09DF84}.Debug|Any CPU.Build.0 = Debug|Any CPU
		{5242740D-C92B-4FE9-BD5B-2697ED09DF84}.Release|Any CPU.ActiveCfg = Release|Any CPU
		{5242740D-C92B-4FE9-BD5B-2697ED09DF84}.Release|Any CPU.Build.0 = Release|Any CPU
		{2755E9D8-C7BF-451B-9176-FFB46312465E}.Debug|Any CPU.ActiveCfg = Debug|Any CPU
		{2755E9D8-C7BF-451B-9176-FFB46312465E}.Debug|Any CPU.Build.0 = Debug|Any CPU
		{2755E9D8-C7BF-451B-9176-FFB46312465E}.Release|Any CPU.ActiveCfg = Release|Any CPU
		{2755E9D8-C7BF-451B-9176-FFB46312465E}.Release|Any CPU.Build.0 = Release|Any CPU
		{6C24FB35-BB4E-4D3C-9069-31604CE3F580}.Debug|Any CPU.ActiveCfg = Debug|Any CPU
		{6C24FB35-BB4E-4D3C-9069-31604CE3F580}.Debug|Any CPU.Build.0 = Debug|Any CPU
		{6C24FB35-BB4E-4D3C-9069-31604CE3F580}.Release|Any CPU.ActiveCfg = Release|Any CPU
		{6C24FB35-BB4E-4D3C-9069-31604CE3F580}.Release|Any CPU.Build.0 = Release|Any CPU
		{21AB7DAB-F3C8-4211-B300-5CC1FABAEB2F}.Debug|Any CPU.ActiveCfg = Debug|Any CPU
		{21AB7DAB-F3C8-4211-B300-5CC1FABAEB2F}.Debug|Any CPU.Build.0 = Debug|Any CPU
		{21AB7DAB-F3C8-4211-B300-5CC1FABAEB2F}.Release|Any CPU.ActiveCfg = Release|Any CPU
		{21AB7DAB-F3C8-4211-B300-5CC1FABAEB2F}.Release|Any CPU.Build.0 = Release|Any CPU
	EndGlobalSection
	GlobalSection(SolutionProperties) = preSolution
		HideSolutionNode = FALSE
	EndGlobalSection
	GlobalSection(ExtensibilityGlobals) = postSolution
		SolutionGuid = {9839A4CA-974F-425B-97E9-10B4F394B2B9}
	EndGlobalSection
EndGlobal
