
Microsoft Visual Studio Solution File, Format Version 12.00
# Visual Studio Version 16
VisualStudioVersion = 16.0.31005.135
MinimumVisualStudioVersion = 10.0.40219.1
Project("{9A19103F-16F7-4668-BE54-9A1E7A4F7556}") = "OOP1", "OOP1\OOP1.csproj", "{2755E9D8-C7BF-451B-9176-FFB46312465E}"
EndProject
Project("{9A19103F-16F7-4668-BE54-9A1E7A4F7556}") = "Koleksiyonlar", "Koleksiyonlar\Koleksiyonlar.csproj", "{6C24FB35-BB4E-4D3C-9069-31604CE3F580}"
EndProject
Project("{9A19103F-16F7-4668-BE54-9A1E7A4F7556}") = "GenericsIntro", "GenericsIntro\GenericsIntro.csproj", "{21AB7DAB-F3C8-4211-B300-5CC1FABAEB2F}"
EndProject
Project("{9A19103F-16F7-4668-BE54-9A1E7A4F7556}") = "Constructors", "Constructors\Constructors.csproj", "{90A98268-0ED3-42E3-94EC-FAA90E4D9D2F}"
EndProject
Project("{9A19103F-16F7-4668-BE54-9A1E7A4F7556}") = "Generics", "Generics\Generics.csproj", "{E690CEE1-AB45-4C32-B307-2044F37E6530}"
EndProject
Project("{9A19103F-16F7-4668-BE54-9A1E7A4F7556}") = "MyDictionary", "MyDictionary\MyDictionary.csproj", "{DA76A882-6A74-4AFE-83AF-1534CEE7F795}"
EndProject
Project("{9A19103F-16F7-4668-BE54-9A1E7A4F7556}") = "OOP2", "OOP2\OOP2.csproj", "{805F7638-478E-47BF-A6DD-B7E816E1C087}"
EndProject
Project("{9A19103F-16F7-4668-BE54-9A1E7A4F7556}") = "OOP3", "OOP3\OOP3.csproj", "{14C39CB7-A533-4CE9-A948-5041B3633860}"
EndProject
Global
	GlobalSection(SolutionConfigurationPlatforms) = preSolution
		Debug|Any CPU = Debug|Any CPU
		Release|Any CPU = Release|Any CPU
	EndGlobalSection
	GlobalSection(ProjectConfigurationPlatforms) = postSolution
		{2755E9D8-C7BF-451B-9176-FFB46312465E}.Debug|Any CPU.ActiveCfg = Debug|Any CPU
		{2755E9D8-C7BF-451B-9176-FFB46312465E}.Debug|Any CPU.Build.0 = Debug|Any CPU
		{2755E9D8-C7BF-451B-9176-FFB46312465E}.Release|Any CPU.ActiveCfg = Release|Any CPU
		{2755E9D8-C7BF-451B-9176-FFB46312465E}.Release|Any CPU.Build.0 = Release|Any CPU
		{6C24FB35-BB4E-4D3C-9069-31604CE3F580}.Debug|Any CPU.ActiveCfg = Debug|Any CPU
		{6C24FB35-BB4E-4D3C-9069-31604CE3F580}.Debug|Any CPU.Build.0 = Debug|Any CPU
		{6C24FB35-BB4E-4D3C-9069-31604CE3F580}.Release|Any CPU.ActiveCfg = Release|Any CPU
		{6C24FB35-BB4E-4D3C-9069-31604CE3F580}.Release|Any CPU.Build.0 = Release|Any CPU
		{21AB7DAB-F3C8-4211-B300-5CC1FABAEB2F}.Debug|Any CPU.ActiveCfg = Debug|Any CPU
		{21AB7DAB-F3C8-4211-B300-5CC1FABAEB2F}.Debug|Any CPU.Build.0 = Debug|Any CPU
		{21AB7DAB-F3C8-4211-B300-5CC1FABAEB2F}.Release|Any CPU.ActiveCfg = Release|Any CPU
		{21AB7DAB-F3C8-4211-B300-5CC1FABAEB2F}.Release|Any CPU.Build.0 = Release|Any CPU
		{90A98268-0ED3-42E3-94EC-FAA90E4D9D2F}.Debug|Any CPU.ActiveCfg = Debug|Any CPU
		{90A98268-0ED3-42E3-94EC-FAA90E4D9D2F}.Debug|Any CPU.Build.0 = Debug|Any CPU
		{90A98268-0ED3-42E3-94EC-FAA90E4D9D2F}.Release|Any CPU.ActiveCfg = Release|Any CPU
		{90A98268-0ED3-42E3-94EC-FAA90E4D9D2F}.Release|Any CPU.Build.0 = Release|Any CPU
		{E690CEE1-AB45-4C32-B307-2044F37E6530}.Debug|Any CPU.ActiveCfg = Debug|Any CPU
		{E690CEE1-AB45-4C32-B307-2044F37E6530}.Debug|Any CPU.Build.0 = Debug|Any CPU
		{E690CEE1-AB45-4C32-B307-2044F37E6530}.Release|Any CPU.ActiveCfg = Release|Any CPU
		{E690CEE1-AB45-4C32-B307-2044F37E6530}.Release|Any CPU.Build.0 = Release|Any CPU
		{DA76A882-6A74-4AFE-83AF-1534CEE7F795}.Debug|Any CPU.ActiveCfg = Debug|Any CPU
		{DA76A882-6A74-4AFE-83AF-1534CEE7F795}.Debug|Any CPU.Build.0 = Debug|Any CPU
		{DA76A882-6A74-4AFE-83AF-1534CEE7F795}.Release|Any CPU.ActiveCfg = Release|Any CPU
		{DA76A882-6A74-4AFE-83AF-1534CEE7F795}.Release|Any CPU.Build.0 = Release|Any CPU
		{805F7638-478E-47BF-A6DD-B7E816E1C087}.Debug|Any CPU.ActiveCfg = Debug|Any CPU
		{805F7638-478E-47BF-A6DD-B7E816E1C087}.Debug|Any CPU.Build.0 = Debug|Any CPU
		{805F7638-478E-47BF-A6DD-B7E816E1C087}.Release|Any CPU.ActiveCfg = Release|Any CPU
		{805F7638-478E-47BF-A6DD-B7E816E1C087}.Release|Any CPU.Build.0 = Release|Any CPU
		{14C39CB7-A533-4CE9-A948-5041B3633860}.Debug|Any CPU.ActiveCfg = Debug|Any CPU
		{14C39CB7-A533-4CE9-A948-5041B3633860}.Debug|Any CPU.Build.0 = Debug|Any CPU
		{14C39CB7-A533-4CE9-A948-5041B3633860}.Release|Any CPU.ActiveCfg = Release|Any CPU
		{14C39CB7-A533-4CE9-A948-5041B3633860}.Release|Any CPU.Build.0 = Release|Any CPU
	EndGlobalSection
	GlobalSection(SolutionProperties) = preSolution
		HideSolutionNode = FALSE
	EndGlobalSection
	GlobalSection(ExtensibilityGlobals) = postSolution
		SolutionGuid = {9839A4CA-974F-425B-97E9-10B4F394B2B9}
	EndGlobalSection
EndGlobal
